
Microsoft Visual Studio Solution File, Format Version 12.00
# Visual Studio 15
VisualStudioVersion = 15.0.28307.271
MinimumVisualStudioVersion = 10.0.40219.1
Project("{9A19103F-16F7-4668-BE54-9A1E7A4F7556}") = "Apetit_API_2019", "Apetit_API_2019\Apetit_API_2019.csproj", "{C7CD004D-9E51-424E-829C-9394E3F35AF8}"
EndProject
Global
	GlobalSection(SolutionConfigurationPlatforms) = preSolution
		Debug|Any CPU = Debug|Any CPU
		Release|Any CPU = Release|Any CPU
	EndGlobalSection
	GlobalSection(ProjectConfigurationPlatforms) = postSolution
		{C7CD004D-9E51-424E-829C-9394E3F35AF8}.Debug|Any CPU.ActiveCfg = Debug|Any CPU
		{C7CD004D-9E51-424E-829C-9394E3F35AF8}.Debug|Any CPU.Build.0 = Debug|Any CPU
		{C7CD004D-9E51-424E-829C-9394E3F35AF8}.Release|Any CPU.ActiveCfg = Release|Any CPU
		{C7CD004D-9E51-424E-829C-9394E3F35AF8}.Release|Any CPU.Build.0 = Release|Any CPU
	EndGlobalSection
	GlobalSection(SolutionProperties) = preSolution
		HideSolutionNode = FALSE
	EndGlobalSection
	GlobalSection(ExtensibilityGlobals) = postSolution
		SolutionGuid = {8FB8E614-7B2B-43F1-B5B5-D7F97275D436}
	EndGlobalSection
EndGlobal
